
Microsoft Visual Studio Solution File, Format Version 12.00
# Visual Studio Version 16
VisualStudioVersion = 16.0.30907.101
MinimumVisualStudioVersion = 10.0.40219.1
Project("{FAE04EC0-301F-11D3-BF4B-00C04F79EFBC}") = "SUMU_Messenger.Android", "SUMU_Messenger.Android\SUMU_Messenger.Android.csproj", "{C2460B42-EF63-4CEE-820F-1288818A5660}"
EndProject
Project("{FAE04EC0-301F-11D3-BF4B-00C04F79EFBC}") = "SUMU_Messenger.iOS", "SUMU_Messenger.iOS\SUMU_Messenger.iOS.csproj", "{0C7FD254-ECA7-4B36-92CE-019040C9D418}"
EndProject
Project("{9A19103F-16F7-4668-BE54-9A1E7A4F7556}") = "SUMU_Messenger", "SUMU_Messenger\SUMU_Messenger.csproj", "{A13D0BA8-52F5-4724-BB78-3E993FAEA668}"
EndProject
Project("{9A19103F-16F7-4668-BE54-9A1E7A4F7556}") = "SUMU_Messenger.Helper", "SUMU_Messenger.Helper\SUMU_Messenger.Helper.csproj", "{43116573-1CAC-4675-80E0-2DA8CD9B71ED}"
EndProject
Project("{9A19103F-16F7-4668-BE54-9A1E7A4F7556}") = "SUMU_Messenger.BusinessRules", "SUMU_Messenger.BusinessRules\SUMU_Messenger.BusinessRules.csproj", "{DC2526E2-1C86-4258-A427-0B7FF4B34549}"
EndProject
Project("{FAE04EC0-301F-11D3-BF4B-00C04F79EFBC}") = "SUMU_Messenger.WindowsApp", "SUMU_Messenger.WindowsApp\SUMU_Messenger.WindowsApp.csproj", "{43F5B2A7-3257-41B9-A173-397C7B3FEDFC}"
EndProject
Project("{9A19103F-16F7-4668-BE54-9A1E7A4F7556}") = "SUMU_Messenger.ReactWS", "SUMU_Messenger.ReactWS\SUMU_Messenger.ReactWS.csproj", "{DEAF0409-9A73-46B0-9392-765D535DD625}"
EndProject
Project("{9A19103F-16F7-4668-BE54-9A1E7A4F7556}") = "SUMU_Messenger.UnitTests", "SUMU_Messenger.UnitTests\SUMU_Messenger.UnitTests.csproj", "{709841EC-4A85-43F2-94DD-A8C2C4DC8EA2}"
EndProject
Project("{FAE04EC0-301F-11D3-BF4B-00C04F79EFBC}") = "SUMU_Messenger.WebApp", "SUMU_Messenger.WebApp\SUMU_Messenger.WebApp.csproj", "{409EAB0A-2F84-484B-8B77-75190FE7CFB8}"
EndProject
Project("{FAE04EC0-301F-11D3-BF4B-00C04F79EFBC}") = "SUMU_Messenger.WebApi", "SUMU_Messenger.WebApi\SUMU_Messenger.WebApi.csproj", "{72D2EE61-FFC0-4E34-A139-90D3712AA7A1}"
EndProject
Project("{FAE04EC0-301F-11D3-BF4B-00C04F79EFBC}") = "SUMU_Messenger.Models", "SUMU_Messenger.Models\SUMU_Messenger.Models.csproj", "{F326FD71-0ACC-4DEB-9263-8AE6C8EC1420}"
EndProject
Project("{FAE04EC0-301F-11D3-BF4B-00C04F79EFBC}") = "SUMU_Messenger.DataAccess", "SUMU_Messenger.DataAccess\SUMU_Messenger.DataAccess.csproj", "{7A5DABB9-98AF-4026-8F37-54C66EDAE2C3}"
EndProject
Project("{9A19103F-16F7-4668-BE54-9A1E7A4F7556}") = "SUMU_Messenger.WpfApplication", "..\Application\SumuWpfApplication\SumuWpfApplication\SUMU_Messenger.WpfApplication.csproj", "{58BBF4CA-290B-4960-9421-25955522C37E}"
EndProject
Global
	GlobalSection(SolutionConfigurationPlatforms) = preSolution
		Debug|Any CPU = Debug|Any CPU
		Debug|ARM = Debug|ARM
		Debug|ARM64 = Debug|ARM64
		Debug|iPhone = Debug|iPhone
		Debug|iPhoneSimulator = Debug|iPhoneSimulator
		Debug|x64 = Debug|x64
		Debug|x86 = Debug|x86
		Release|Any CPU = Release|Any CPU
		Release|ARM = Release|ARM
		Release|ARM64 = Release|ARM64
		Release|iPhone = Release|iPhone
		Release|iPhoneSimulator = Release|iPhoneSimulator
		Release|x64 = Release|x64
		Release|x86 = Release|x86
	EndGlobalSection
	GlobalSection(ProjectConfigurationPlatforms) = postSolution
		{C2460B42-EF63-4CEE-820F-1288818A5660}.Debug|Any CPU.ActiveCfg = Debug|Any CPU
		{C2460B42-EF63-4CEE-820F-1288818A5660}.Debug|Any CPU.Build.0 = Debug|Any CPU
		{C2460B42-EF63-4CEE-820F-1288818A5660}.Debug|Any CPU.Deploy.0 = Debug|Any CPU
		{C2460B42-EF63-4CEE-820F-1288818A5660}.Debug|ARM.ActiveCfg = Debug|Any CPU
		{C2460B42-EF63-4CEE-820F-1288818A5660}.Debug|ARM.Build.0 = Debug|Any CPU
		{C2460B42-EF63-4CEE-820F-1288818A5660}.Debug|ARM.Deploy.0 = Debug|Any CPU
		{C2460B42-EF63-4CEE-820F-1288818A5660}.Debug|ARM64.ActiveCfg = Debug|Any CPU
		{C2460B42-EF63-4CEE-820F-1288818A5660}.Debug|ARM64.Build.0 = Debug|Any CPU
		{C2460B42-EF63-4CEE-820F-1288818A5660}.Debug|ARM64.Deploy.0 = Debug|Any CPU
		{C2460B42-EF63-4CEE-820F-1288818A5660}.Debug|iPhone.ActiveCfg = Debug|Any CPU
		{C2460B42-EF63-4CEE-820F-1288818A5660}.Debug|iPhone.Build.0 = Debug|Any CPU
		{C2460B42-EF63-4CEE-820F-1288818A5660}.Debug|iPhone.Deploy.0 = Debug|Any CPU
		{C2460B42-EF63-4CEE-820F-1288818A5660}.Debug|iPhoneSimulator.ActiveCfg = Debug|Any CPU
		{C2460B42-EF63-4CEE-820F-1288818A5660}.Debug|iPhoneSimulator.Build.0 = Debug|Any CPU
		{C2460B42-EF63-4CEE-820F-1288818A5660}.Debug|iPhoneSimulator.Deploy.0 = Debug|Any CPU
		{C2460B42-EF63-4CEE-820F-1288818A5660}.Debug|x64.ActiveCfg = Debug|Any CPU
		{C2460B42-EF63-4CEE-820F-1288818A5660}.Debug|x64.Build.0 = Debug|Any CPU
		{C2460B42-EF63-4CEE-820F-1288818A5660}.Debug|x64.Deploy.0 = Debug|Any CPU
		{C2460B42-EF63-4CEE-820F-1288818A5660}.Debug|x86.ActiveCfg = Debug|Any CPU
		{C2460B42-EF63-4CEE-820F-1288818A5660}.Debug|x86.Build.0 = Debug|Any CPU
		{C2460B42-EF63-4CEE-820F-1288818A5660}.Debug|x86.Deploy.0 = Debug|Any CPU
		{C2460B42-EF63-4CEE-820F-1288818A5660}.Release|Any CPU.ActiveCfg = Release|Any CPU
		{C2460B42-EF63-4CEE-820F-1288818A5660}.Release|Any CPU.Build.0 = Release|Any CPU
		{C2460B42-EF63-4CEE-820F-1288818A5660}.Release|Any CPU.Deploy.0 = Release|Any CPU
		{C2460B42-EF63-4CEE-820F-1288818A5660}.Release|ARM.ActiveCfg = Release|Any CPU
		{C2460B42-EF63-4CEE-820F-1288818A5660}.Release|ARM.Build.0 = Release|Any CPU
		{C2460B42-EF63-4CEE-820F-1288818A5660}.Release|ARM.Deploy.0 = Release|Any CPU
		{C2460B42-EF63-4CEE-820F-1288818A5660}.Release|ARM64.ActiveCfg = Release|Any CPU
		{C2460B42-EF63-4CEE-820F-1288818A5660}.Release|ARM64.Build.0 = Release|Any CPU
		{C2460B42-EF63-4CEE-820F-1288818A5660}.Release|ARM64.Deploy.0 = Release|Any CPU
		{C2460B42-EF63-4CEE-820F-1288818A5660}.Release|iPhone.ActiveCfg = Release|Any CPU
		{C2460B42-EF63-4CEE-820F-1288818A5660}.Release|iPhone.Build.0 = Release|Any CPU
		{C2460B42-EF63-4CEE-820F-1288818A5660}.Release|iPhone.Deploy.0 = Release|Any CPU
		{C2460B42-EF63-4CEE-820F-1288818A5660}.Release|iPhoneSimulator.ActiveCfg = Release|Any CPU
		{C2460B42-EF63-4CEE-820F-1288818A5660}.Release|iPhoneSimulator.Build.0 = Release|Any CPU
		{C2460B42-EF63-4CEE-820F-1288818A5660}.Release|iPhoneSimulator.Deploy.0 = Release|Any CPU
		{C2460B42-EF63-4CEE-820F-1288818A5660}.Release|x64.ActiveCfg = Release|Any CPU
		{C2460B42-EF63-4CEE-820F-1288818A5660}.Release|x64.Build.0 = Release|Any CPU
		{C2460B42-EF63-4CEE-820F-1288818A5660}.Release|x64.Deploy.0 = Release|Any CPU
		{C2460B42-EF63-4CEE-820F-1288818A5660}.Release|x86.ActiveCfg = Release|Any CPU
		{C2460B42-EF63-4CEE-820F-1288818A5660}.Release|x86.Build.0 = Release|Any CPU
		{C2460B42-EF63-4CEE-820F-1288818A5660}.Release|x86.Deploy.0 = Release|Any CPU
		{0C7FD254-ECA7-4B36-92CE-019040C9D418}.Debug|Any CPU.ActiveCfg = Debug|iPhone
		{0C7FD254-ECA7-4B36-92CE-019040C9D418}.Debug|Any CPU.Build.0 = Debug|iPhone
		{0C7FD254-ECA7-4B36-92CE-019040C9D418}.Debug|Any CPU.Deploy.0 = Debug|iPhone
		{0C7FD254-ECA7-4B36-92CE-019040C9D418}.Debug|ARM.ActiveCfg = Debug|iPhoneSimulator
		{0C7FD254-ECA7-4B36-92CE-019040C9D418}.Debug|ARM64.ActiveCfg = Debug|iPhoneSimulator
		{0C7FD254-ECA7-4B36-92CE-019040C9D418}.Debug|iPhone.ActiveCfg = Debug|iPhone
		{0C7FD254-ECA7-4B36-92CE-019040C9D418}.Debug|iPhone.Build.0 = Debug|iPhone
		{0C7FD254-ECA7-4B36-92CE-019040C9D418}.Debug|iPhone.Deploy.0 = Debug|iPhone
		{0C7FD254-ECA7-4B36-92CE-019040C9D418}.Debug|iPhoneSimulator.ActiveCfg = Debug|iPhoneSimulator
		{0C7FD254-ECA7-4B36-92CE-019040C9D418}.Debug|iPhoneSimulator.Build.0 = Debug|iPhoneSimulator
		{0C7FD254-ECA7-4B36-92CE-019040C9D418}.Debug|iPhoneSimulator.Deploy.0 = Debug|iPhoneSimulator
		{0C7FD254-ECA7-4B36-92CE-019040C9D418}.Debug|x64.ActiveCfg = Debug|iPhoneSimulator
		{0C7FD254-ECA7-4B36-92CE-019040C9D418}.Debug|x86.ActiveCfg = Debug|iPhoneSimulator
		{0C7FD254-ECA7-4B36-92CE-019040C9D418}.Release|Any CPU.ActiveCfg = Release|iPhoneSimulator
		{0C7FD254-ECA7-4B36-92CE-019040C9D418}.Release|Any CPU.Build.0 = Release|iPhoneSimulator
		{0C7FD254-ECA7-4B36-92CE-019040C9D418}.Release|Any CPU.Deploy.0 = Release|iPhoneSimulator
		{0C7FD254-ECA7-4B36-92CE-019040C9D418}.Release|ARM.ActiveCfg = Release|iPhone
		{0C7FD254-ECA7-4B36-92CE-019040C9D418}.Release|ARM64.ActiveCfg = Release|iPhone
		{0C7FD254-ECA7-4B36-92CE-019040C9D418}.Release|iPhone.ActiveCfg = Release|iPhone
		{0C7FD254-ECA7-4B36-92CE-019040C9D418}.Release|iPhone.Build.0 = Release|iPhone
		{0C7FD254-ECA7-4B36-92CE-019040C9D418}.Release|iPhone.Deploy.0 = Release|iPhone
		{0C7FD254-ECA7-4B36-92CE-019040C9D418}.Release|iPhoneSimulator.ActiveCfg = Release|iPhoneSimulator
		{0C7FD254-ECA7-4B36-92CE-019040C9D418}.Release|iPhoneSimulator.Build.0 = Release|iPhoneSimulator
		{0C7FD254-ECA7-4B36-92CE-019040C9D418}.Release|iPhoneSimulator.Deploy.0 = Release|iPhoneSimulator
		{0C7FD254-ECA7-4B36-92CE-019040C9D418}.Release|x64.ActiveCfg = Release|iPhone
		{0C7FD254-ECA7-4B36-92CE-019040C9D418}.Release|x86.ActiveCfg = Release|iPhone
		{A13D0BA8-52F5-4724-BB78-3E993FAEA668}.Debug|Any CPU.ActiveCfg = Debug|Any CPU
		{A13D0BA8-52F5-4724-BB78-3E993FAEA668}.Debug|Any CPU.Build.0 = Debug|Any CPU
		{A13D0BA8-52F5-4724-BB78-3E993FAEA668}.Debug|Any CPU.Deploy.0 = Debug|Any CPU
		{A13D0BA8-52F5-4724-BB78-3E993FAEA668}.Debug|ARM.ActiveCfg = Debug|Any CPU
		{A13D0BA8-52F5-4724-BB78-3E993FAEA668}.Debug|ARM.Build.0 = Debug|Any CPU
		{A13D0BA8-52F5-4724-BB78-3E993FAEA668}.Debug|ARM64.ActiveCfg = Debug|Any CPU
		{A13D0BA8-52F5-4724-BB78-3E993FAEA668}.Debug|ARM64.Build.0 = Debug|Any CPU
		{A13D0BA8-52F5-4724-BB78-3E993FAEA668}.Debug|iPhone.ActiveCfg = Debug|Any CPU
		{A13D0BA8-52F5-4724-BB78-3E993FAEA668}.Debug|iPhone.Build.0 = Debug|Any CPU
		{A13D0BA8-52F5-4724-BB78-3E993FAEA668}.Debug|iPhone.Deploy.0 = Debug|Any CPU
		{A13D0BA8-52F5-4724-BB78-3E993FAEA668}.Debug|iPhoneSimulator.ActiveCfg = Debug|Any CPU
		{A13D0BA8-52F5-4724-BB78-3E993FAEA668}.Debug|iPhoneSimulator.Build.0 = Debug|Any CPU
		{A13D0BA8-52F5-4724-BB78-3E993FAEA668}.Debug|iPhoneSimulator.Deploy.0 = Debug|Any CPU
		{A13D0BA8-52F5-4724-BB78-3E993FAEA668}.Debug|x64.ActiveCfg = Debug|Any CPU
		{A13D0BA8-52F5-4724-BB78-3E993FAEA668}.Debug|x64.Build.0 = Debug|Any CPU
		{A13D0BA8-52F5-4724-BB78-3E993FAEA668}.Debug|x86.ActiveCfg = Debug|Any CPU
		{A13D0BA8-52F5-4724-BB78-3E993FAEA668}.Debug|x86.Build.0 = Debug|Any CPU
		{A13D0BA8-52F5-4724-BB78-3E993FAEA668}.Release|Any CPU.ActiveCfg = Release|Any CPU
		{A13D0BA8-52F5-4724-BB78-3E993FAEA668}.Release|Any CPU.Build.0 = Release|Any CPU
		{A13D0BA8-52F5-4724-BB78-3E993FAEA668}.Release|Any CPU.Deploy.0 = Release|Any CPU
		{A13D0BA8-52F5-4724-BB78-3E993FAEA668}.Release|ARM.ActiveCfg = Release|Any CPU
		{A13D0BA8-52F5-4724-BB78-3E993FAEA668}.Release|ARM.Build.0 = Release|Any CPU
		{A13D0BA8-52F5-4724-BB78-3E993FAEA668}.Release|ARM64.ActiveCfg = Release|Any CPU
		{A13D0BA8-52F5-4724-BB78-3E993FAEA668}.Release|ARM64.Build.0 = Release|Any CPU
		{A13D0BA8-52F5-4724-BB78-3E993FAEA668}.Release|iPhone.ActiveCfg = Release|Any CPU
		{A13D0BA8-52F5-4724-BB78-3E993FAEA668}.Release|iPhone.Build.0 = Release|Any CPU
		{A13D0BA8-52F5-4724-BB78-3E993FAEA668}.Release|iPhone.Deploy.0 = Release|Any CPU
		{A13D0BA8-52F5-4724-BB78-3E993FAEA668}.Release|iPhoneSimulator.ActiveCfg = Release|Any CPU
		{A13D0BA8-52F5-4724-BB78-3E993FAEA668}.Release|iPhoneSimulator.Build.0 = Release|Any CPU
		{A13D0BA8-52F5-4724-BB78-3E993FAEA668}.Release|iPhoneSimulator.Deploy.0 = Release|Any CPU
		{A13D0BA8-52F5-4724-BB78-3E993FAEA668}.Release|x64.ActiveCfg = Release|Any CPU
		{A13D0BA8-52F5-4724-BB78-3E993FAEA668}.Release|x64.Build.0 = Release|Any CPU
		{A13D0BA8-52F5-4724-BB78-3E993FAEA668}.Release|x86.ActiveCfg = Release|Any CPU
		{A13D0BA8-52F5-4724-BB78-3E993FAEA668}.Release|x86.Build.0 = Release|Any CPU
		{43116573-1CAC-4675-80E0-2DA8CD9B71ED}.Debug|Any CPU.ActiveCfg = Debug|Any CPU
		{43116573-1CAC-4675-80E0-2DA8CD9B71ED}.Debug|Any CPU.Build.0 = Debug|Any CPU
		{43116573-1CAC-4675-80E0-2DA8CD9B71ED}.Debug|ARM.ActiveCfg = Debug|Any CPU
		{43116573-1CAC-4675-80E0-2DA8CD9B71ED}.Debug|ARM.Build.0 = Debug|Any CPU
		{43116573-1CAC-4675-80E0-2DA8CD9B71ED}.Debug|ARM64.ActiveCfg = Debug|Any CPU
		{43116573-1CAC-4675-80E0-2DA8CD9B71ED}.Debug|ARM64.Build.0 = Debug|Any CPU
		{43116573-1CAC-4675-80E0-2DA8CD9B71ED}.Debug|iPhone.ActiveCfg = Debug|Any CPU
		{43116573-1CAC-4675-80E0-2DA8CD9B71ED}.Debug|iPhone.Build.0 = Debug|Any CPU
		{43116573-1CAC-4675-80E0-2DA8CD9B71ED}.Debug|iPhoneSimulator.ActiveCfg = Debug|Any CPU
		{43116573-1CAC-4675-80E0-2DA8CD9B71ED}.Debug|iPhoneSimulator.Build.0 = Debug|Any CPU
		{43116573-1CAC-4675-80E0-2DA8CD9B71ED}.Debug|x64.ActiveCfg = Debug|Any CPU
		{43116573-1CAC-4675-80E0-2DA8CD9B71ED}.Debug|x64.Build.0 = Debug|Any CPU
		{43116573-1CAC-4675-80E0-2DA8CD9B71ED}.Debug|x86.ActiveCfg = Debug|Any CPU
		{43116573-1CAC-4675-80E0-2DA8CD9B71ED}.Debug|x86.Build.0 = Debug|Any CPU
		{43116573-1CAC-4675-80E0-2DA8CD9B71ED}.Release|Any CPU.ActiveCfg = Release|Any CPU
		{43116573-1CAC-4675-80E0-2DA8CD9B71ED}.Release|Any CPU.Build.0 = Release|Any CPU
		{43116573-1CAC-4675-80E0-2DA8CD9B71ED}.Release|ARM.ActiveCfg = Release|Any CPU
		{43116573-1CAC-4675-80E0-2DA8CD9B71ED}.Release|ARM.Build.0 = Release|Any CPU
		{43116573-1CAC-4675-80E0-2DA8CD9B71ED}.Release|ARM64.ActiveCfg = Release|Any CPU
		{43116573-1CAC-4675-80E0-2DA8CD9B71ED}.Release|ARM64.Build.0 = Release|Any CPU
		{43116573-1CAC-4675-80E0-2DA8CD9B71ED}.Release|iPhone.ActiveCfg = Release|Any CPU
		{43116573-1CAC-4675-80E0-2DA8CD9B71ED}.Release|iPhone.Build.0 = Release|Any CPU
		{43116573-1CAC-4675-80E0-2DA8CD9B71ED}.Release|iPhoneSimulator.ActiveCfg = Release|Any CPU
		{43116573-1CAC-4675-80E0-2DA8CD9B71ED}.Release|iPhoneSimulator.Build.0 = Release|Any CPU
		{43116573-1CAC-4675-80E0-2DA8CD9B71ED}.Release|x64.ActiveCfg = Release|Any CPU
		{43116573-1CAC-4675-80E0-2DA8CD9B71ED}.Release|x64.Build.0 = Release|Any CPU
		{43116573-1CAC-4675-80E0-2DA8CD9B71ED}.Release|x86.ActiveCfg = Release|Any CPU
		{43116573-1CAC-4675-80E0-2DA8CD9B71ED}.Release|x86.Build.0 = Release|Any CPU
		{DC2526E2-1C86-4258-A427-0B7FF4B34549}.Debug|Any CPU.ActiveCfg = Debug|Any CPU
		{DC2526E2-1C86-4258-A427-0B7FF4B34549}.Debug|Any CPU.Build.0 = Debug|Any CPU
		{DC2526E2-1C86-4258-A427-0B7FF4B34549}.Debug|ARM.ActiveCfg = Debug|Any CPU
		{DC2526E2-1C86-4258-A427-0B7FF4B34549}.Debug|ARM.Build.0 = Debug|Any CPU
		{DC2526E2-1C86-4258-A427-0B7FF4B34549}.Debug|ARM64.ActiveCfg = Debug|Any CPU
		{DC2526E2-1C86-4258-A427-0B7FF4B34549}.Debug|ARM64.Build.0 = Debug|Any CPU
		{DC2526E2-1C86-4258-A427-0B7FF4B34549}.Debug|iPhone.ActiveCfg = Debug|Any CPU
		{DC2526E2-1C86-4258-A427-0B7FF4B34549}.Debug|iPhone.Build.0 = Debug|Any CPU
		{DC2526E2-1C86-4258-A427-0B7FF4B34549}.Debug|iPhoneSimulator.ActiveCfg = Debug|Any CPU
		{DC2526E2-1C86-4258-A427-0B7FF4B34549}.Debug|iPhoneSimulator.Build.0 = Debug|Any CPU
		{DC2526E2-1C86-4258-A427-0B7FF4B34549}.Debug|x64.ActiveCfg = Debug|Any CPU
		{DC2526E2-1C86-4258-A427-0B7FF4B34549}.Debug|x64.Build.0 = Debug|Any CPU
		{DC2526E2-1C86-4258-A427-0B7FF4B34549}.Debug|x86.ActiveCfg = Debug|Any CPU
		{DC2526E2-1C86-4258-A427-0B7FF4B34549}.Debug|x86.Build.0 = Debug|Any CPU
		{DC2526E2-1C86-4258-A427-0B7FF4B34549}.Release|Any CPU.ActiveCfg = Release|Any CPU
		{DC2526E2-1C86-4258-A427-0B7FF4B34549}.Release|Any CPU.Build.0 = Release|Any CPU
		{DC2526E2-1C86-4258-A427-0B7FF4B34549}.Release|ARM.ActiveCfg = Release|Any CPU
		{DC2526E2-1C86-4258-A427-0B7FF4B34549}.Release|ARM.Build.0 = Release|Any CPU
		{DC2526E2-1C86-4258-A427-0B7FF4B34549}.Release|ARM64.ActiveCfg = Release|Any CPU
		{DC2526E2-1C86-4258-A427-0B7FF4B34549}.Release|ARM64.Build.0 = Release|Any CPU
		{DC2526E2-1C86-4258-A427-0B7FF4B34549}.Release|iPhone.ActiveCfg = Release|Any CPU
		{DC2526E2-1C86-4258-A427-0B7FF4B34549}.Release|iPhone.Build.0 = Release|Any CPU
		{DC2526E2-1C86-4258-A427-0B7FF4B34549}.Release|iPhoneSimulator.ActiveCfg = Release|Any CPU
		{DC2526E2-1C86-4258-A427-0B7FF4B34549}.Release|iPhoneSimulator.Build.0 = Release|Any CPU
		{DC2526E2-1C86-4258-A427-0B7FF4B34549}.Release|x64.ActiveCfg = Release|Any CPU
		{DC2526E2-1C86-4258-A427-0B7FF4B34549}.Release|x64.Build.0 = Release|Any CPU
		{DC2526E2-1C86-4258-A427-0B7FF4B34549}.Release|x86.ActiveCfg = Release|Any CPU
		{DC2526E2-1C86-4258-A427-0B7FF4B34549}.Release|x86.Build.0 = Release|Any CPU
		{43F5B2A7-3257-41B9-A173-397C7B3FEDFC}.Debug|Any CPU.ActiveCfg = Debug|x86
		{43F5B2A7-3257-41B9-A173-397C7B3FEDFC}.Debug|ARM.ActiveCfg = Debug|ARM
		{43F5B2A7-3257-41B9-A173-397C7B3FEDFC}.Debug|ARM.Build.0 = Debug|ARM
		{43F5B2A7-3257-41B9-A173-397C7B3FEDFC}.Debug|ARM.Deploy.0 = Debug|ARM
		{43F5B2A7-3257-41B9-A173-397C7B3FEDFC}.Debug|ARM64.ActiveCfg = Debug|ARM64
		{43F5B2A7-3257-41B9-A173-397C7B3FEDFC}.Debug|ARM64.Build.0 = Debug|ARM64
		{43F5B2A7-3257-41B9-A173-397C7B3FEDFC}.Debug|ARM64.Deploy.0 = Debug|ARM64
		{43F5B2A7-3257-41B9-A173-397C7B3FEDFC}.Debug|iPhone.ActiveCfg = Debug|x86
		{43F5B2A7-3257-41B9-A173-397C7B3FEDFC}.Debug|iPhoneSimulator.ActiveCfg = Debug|x86
		{43F5B2A7-3257-41B9-A173-397C7B3FEDFC}.Debug|x64.ActiveCfg = Debug|x64
		{43F5B2A7-3257-41B9-A173-397C7B3FEDFC}.Debug|x64.Build.0 = Debug|x64
		{43F5B2A7-3257-41B9-A173-397C7B3FEDFC}.Debug|x64.Deploy.0 = Debug|x64
		{43F5B2A7-3257-41B9-A173-397C7B3FEDFC}.Debug|x86.ActiveCfg = Debug|x86
		{43F5B2A7-3257-41B9-A173-397C7B3FEDFC}.Debug|x86.Build.0 = Debug|x86
		{43F5B2A7-3257-41B9-A173-397C7B3FEDFC}.Debug|x86.Deploy.0 = Debug|x86
		{43F5B2A7-3257-41B9-A173-397C7B3FEDFC}.Release|Any CPU.ActiveCfg = Release|x86
		{43F5B2A7-3257-41B9-A173-397C7B3FEDFC}.Release|ARM.ActiveCfg = Release|ARM
		{43F5B2A7-3257-41B9-A173-397C7B3FEDFC}.Release|ARM.Build.0 = Release|ARM
		{43F5B2A7-3257-41B9-A173-397C7B3FEDFC}.Release|ARM.Deploy.0 = Release|ARM
		{43F5B2A7-3257-41B9-A173-397C7B3FEDFC}.Release|ARM64.ActiveCfg = Release|ARM64
		{43F5B2A7-3257-41B9-A173-397C7B3FEDFC}.Release|ARM64.Build.0 = Release|ARM64
		{43F5B2A7-3257-41B9-A173-397C7B3FEDFC}.Release|ARM64.Deploy.0 = Release|ARM64
		{43F5B2A7-3257-41B9-A173-397C7B3FEDFC}.Release|iPhone.ActiveCfg = Release|x86
		{43F5B2A7-3257-41B9-A173-397C7B3FEDFC}.Release|iPhoneSimulator.ActiveCfg = Release|x86
		{43F5B2A7-3257-41B9-A173-397C7B3FEDFC}.Release|x64.ActiveCfg = Release|x64
		{43F5B2A7-3257-41B9-A173-397C7B3FEDFC}.Release|x64.Build.0 = Release|x64
		{43F5B2A7-3257-41B9-A173-397C7B3FEDFC}.Release|x64.Deploy.0 = Release|x64
		{43F5B2A7-3257-41B9-A173-397C7B3FEDFC}.Release|x86.ActiveCfg = Release|x86
		{43F5B2A7-3257-41B9-A173-397C7B3FEDFC}.Release|x86.Build.0 = Release|x86
		{43F5B2A7-3257-41B9-A173-397C7B3FEDFC}.Release|x86.Deploy.0 = Release|x86
		{DEAF0409-9A73-46B0-9392-765D535DD625}.Debug|Any CPU.ActiveCfg = Debug|Any CPU
		{DEAF0409-9A73-46B0-9392-765D535DD625}.Debug|Any CPU.Build.0 = Debug|Any CPU
		{DEAF0409-9A73-46B0-9392-765D535DD625}.Debug|ARM.ActiveCfg = Debug|Any CPU
		{DEAF0409-9A73-46B0-9392-765D535DD625}.Debug|ARM.Build.0 = Debug|Any CPU
		{DEAF0409-9A73-46B0-9392-765D535DD625}.Debug|ARM64.ActiveCfg = Debug|Any CPU
		{DEAF0409-9A73-46B0-9392-765D535DD625}.Debug|ARM64.Build.0 = Debug|Any CPU
		{DEAF0409-9A73-46B0-9392-765D535DD625}.Debug|iPhone.ActiveCfg = Debug|Any CPU
		{DEAF0409-9A73-46B0-9392-765D535DD625}.Debug|iPhone.Build.0 = Debug|Any CPU
		{DEAF0409-9A73-46B0-9392-765D535DD625}.Debug|iPhoneSimulator.ActiveCfg = Debug|Any CPU
		{DEAF0409-9A73-46B0-9392-765D535DD625}.Debug|iPhoneSimulator.Build.0 = Debug|Any CPU
		{DEAF0409-9A73-46B0-9392-765D535DD625}.Debug|x64.ActiveCfg = Debug|Any CPU
		{DEAF0409-9A73-46B0-9392-765D535DD625}.Debug|x64.Build.0 = Debug|Any CPU
		{DEAF0409-9A73-46B0-9392-765D535DD625}.Debug|x86.ActiveCfg = Debug|Any CPU
		{DEAF0409-9A73-46B0-9392-765D535DD625}.Debug|x86.Build.0 = Debug|Any CPU
		{DEAF0409-9A73-46B0-9392-765D535DD625}.Release|Any CPU.ActiveCfg = Release|Any CPU
		{DEAF0409-9A73-46B0-9392-765D535DD625}.Release|Any CPU.Build.0 = Release|Any CPU
		{DEAF0409-9A73-46B0-9392-765D535DD625}.Release|ARM.ActiveCfg = Release|Any CPU
		{DEAF0409-9A73-46B0-9392-765D535DD625}.Release|ARM.Build.0 = Release|Any CPU
		{DEAF0409-9A73-46B0-9392-765D535DD625}.Release|ARM64.ActiveCfg = Release|Any CPU
		{DEAF0409-9A73-46B0-9392-765D535DD625}.Release|ARM64.Build.0 = Release|Any CPU
		{DEAF0409-9A73-46B0-9392-765D535DD625}.Release|iPhone.ActiveCfg = Release|Any CPU
		{DEAF0409-9A73-46B0-9392-765D535DD625}.Release|iPhone.Build.0 = Release|Any CPU
		{DEAF0409-9A73-46B0-9392-765D535DD625}.Release|iPhoneSimulator.ActiveCfg = Release|Any CPU
		{DEAF0409-9A73-46B0-9392-765D535DD625}.Release|iPhoneSimulator.Build.0 = Release|Any CPU
		{DEAF0409-9A73-46B0-9392-765D535DD625}.Release|x64.ActiveCfg = Release|Any CPU
		{DEAF0409-9A73-46B0-9392-765D535DD625}.Release|x64.Build.0 = Release|Any CPU
		{DEAF0409-9A73-46B0-9392-765D535DD625}.Release|x86.ActiveCfg = Release|Any CPU
		{DEAF0409-9A73-46B0-9392-765D535DD625}.Release|x86.Build.0 = Release|Any CPU
		{709841EC-4A85-43F2-94DD-A8C2C4DC8EA2}.Debug|Any CPU.ActiveCfg = Debug|Any CPU
		{709841EC-4A85-43F2-94DD-A8C2C4DC8EA2}.Debug|Any CPU.Build.0 = Debug|Any CPU
		{709841EC-4A85-43F2-94DD-A8C2C4DC8EA2}.Debug|ARM.ActiveCfg = Debug|Any CPU
		{709841EC-4A85-43F2-94DD-A8C2C4DC8EA2}.Debug|ARM.Build.0 = Debug|Any CPU
		{709841EC-4A85-43F2-94DD-A8C2C4DC8EA2}.Debug|ARM64.ActiveCfg = Debug|Any CPU
		{709841EC-4A85-43F2-94DD-A8C2C4DC8EA2}.Debug|ARM64.Build.0 = Debug|Any CPU
		{709841EC-4A85-43F2-94DD-A8C2C4DC8EA2}.Debug|iPhone.ActiveCfg = Debug|Any CPU
		{709841EC-4A85-43F2-94DD-A8C2C4DC8EA2}.Debug|iPhone.Build.0 = Debug|Any CPU
		{709841EC-4A85-43F2-94DD-A8C2C4DC8EA2}.Debug|iPhoneSimulator.ActiveCfg = Debug|Any CPU
		{709841EC-4A85-43F2-94DD-A8C2C4DC8EA2}.Debug|iPhoneSimulator.Build.0 = Debug|Any CPU
		{709841EC-4A85-43F2-94DD-A8C2C4DC8EA2}.Debug|x64.ActiveCfg = Debug|Any CPU
		{709841EC-4A85-43F2-94DD-A8C2C4DC8EA2}.Debug|x64.Build.0 = Debug|Any CPU
		{709841EC-4A85-43F2-94DD-A8C2C4DC8EA2}.Debug|x86.ActiveCfg = Debug|Any CPU
		{709841EC-4A85-43F2-94DD-A8C2C4DC8EA2}.Debug|x86.Build.0 = Debug|Any CPU
		{709841EC-4A85-43F2-94DD-A8C2C4DC8EA2}.Release|Any CPU.ActiveCfg = Release|Any CPU
		{709841EC-4A85-43F2-94DD-A8C2C4DC8EA2}.Release|Any CPU.Build.0 = Release|Any CPU
		{709841EC-4A85-43F2-94DD-A8C2C4DC8EA2}.Release|ARM.ActiveCfg = Release|Any CPU
		{709841EC-4A85-43F2-94DD-A8C2C4DC8EA2}.Release|ARM.Build.0 = Release|Any CPU
		{709841EC-4A85-43F2-94DD-A8C2C4DC8EA2}.Release|ARM64.ActiveCfg = Release|Any CPU
		{709841EC-4A85-43F2-94DD-A8C2C4DC8EA2}.Release|ARM64.Build.0 = Release|Any CPU
		{709841EC-4A85-43F2-94DD-A8C2C4DC8EA2}.Release|iPhone.ActiveCfg = Release|Any CPU
		{709841EC-4A85-43F2-94DD-A8C2C4DC8EA2}.Release|iPhone.Build.0 = Release|Any CPU
		{709841EC-4A85-43F2-94DD-A8C2C4DC8EA2}.Release|iPhoneSimulator.ActiveCfg = Release|Any CPU
		{709841EC-4A85-43F2-94DD-A8C2C4DC8EA2}.Release|iPhoneSimulator.Build.0 = Release|Any CPU
		{709841EC-4A85-43F2-94DD-A8C2C4DC8EA2}.Release|x64.ActiveCfg = Release|Any CPU
		{709841EC-4A85-43F2-94DD-A8C2C4DC8EA2}.Release|x64.Build.0 = Release|Any CPU
		{709841EC-4A85-43F2-94DD-A8C2C4DC8EA2}.Release|x86.ActiveCfg = Release|Any CPU
		{709841EC-4A85-43F2-94DD-A8C2C4DC8EA2}.Release|x86.Build.0 = Release|Any CPU
		{409EAB0A-2F84-484B-8B77-75190FE7CFB8}.Debug|Any CPU.ActiveCfg = Debug|Any CPU
		{409EAB0A-2F84-484B-8B77-75190FE7CFB8}.Debug|Any CPU.Build.0 = Debug|Any CPU
		{409EAB0A-2F84-484B-8B77-75190FE7CFB8}.Debug|ARM.ActiveCfg = Debug|Any CPU
		{409EAB0A-2F84-484B-8B77-75190FE7CFB8}.Debug|ARM.Build.0 = Debug|Any CPU
		{409EAB0A-2F84-484B-8B77-75190FE7CFB8}.Debug|ARM64.ActiveCfg = Debug|Any CPU
		{409EAB0A-2F84-484B-8B77-75190FE7CFB8}.Debug|ARM64.Build.0 = Debug|Any CPU
		{409EAB0A-2F84-484B-8B77-75190FE7CFB8}.Debug|iPhone.ActiveCfg = Debug|Any CPU
		{409EAB0A-2F84-484B-8B77-75190FE7CFB8}.Debug|iPhone.Build.0 = Debug|Any CPU
		{409EAB0A-2F84-484B-8B77-75190FE7CFB8}.Debug|iPhoneSimulator.ActiveCfg = Debug|Any CPU
		{409EAB0A-2F84-484B-8B77-75190FE7CFB8}.Debug|iPhoneSimulator.Build.0 = Debug|Any CPU
		{409EAB0A-2F84-484B-8B77-75190FE7CFB8}.Debug|x64.ActiveCfg = Debug|Any CPU
		{409EAB0A-2F84-484B-8B77-75190FE7CFB8}.Debug|x64.Build.0 = Debug|Any CPU
		{409EAB0A-2F84-484B-8B77-75190FE7CFB8}.Debug|x86.ActiveCfg = Debug|Any CPU
		{409EAB0A-2F84-484B-8B77-75190FE7CFB8}.Debug|x86.Build.0 = Debug|Any CPU
		{409EAB0A-2F84-484B-8B77-75190FE7CFB8}.Release|Any CPU.ActiveCfg = Release|Any CPU
		{409EAB0A-2F84-484B-8B77-75190FE7CFB8}.Release|Any CPU.Build.0 = Release|Any CPU
		{409EAB0A-2F84-484B-8B77-75190FE7CFB8}.Release|ARM.ActiveCfg = Release|Any CPU
		{409EAB0A-2F84-484B-8B77-75190FE7CFB8}.Release|ARM.Build.0 = Release|Any CPU
		{409EAB0A-2F84-484B-8B77-75190FE7CFB8}.Release|ARM64.ActiveCfg = Release|Any CPU
		{409EAB0A-2F84-484B-8B77-75190FE7CFB8}.Release|ARM64.Build.0 = Release|Any CPU
		{409EAB0A-2F84-484B-8B77-75190FE7CFB8}.Release|iPhone.ActiveCfg = Release|Any CPU
		{409EAB0A-2F84-484B-8B77-75190FE7CFB8}.Release|iPhone.Build.0 = Release|Any CPU
		{409EAB0A-2F84-484B-8B77-75190FE7CFB8}.Release|iPhoneSimulator.ActiveCfg = Release|Any CPU
		{409EAB0A-2F84-484B-8B77-75190FE7CFB8}.Release|iPhoneSimulator.Build.0 = Release|Any CPU
		{409EAB0A-2F84-484B-8B77-75190FE7CFB8}.Release|x64.ActiveCfg = Release|Any CPU
		{409EAB0A-2F84-484B-8B77-75190FE7CFB8}.Release|x64.Build.0 = Release|Any CPU
		{409EAB0A-2F84-484B-8B77-75190FE7CFB8}.Release|x86.ActiveCfg = Release|Any CPU
		{409EAB0A-2F84-484B-8B77-75190FE7CFB8}.Release|x86.Build.0 = Release|Any CPU
		{72D2EE61-FFC0-4E34-A139-90D3712AA7A1}.Debug|Any CPU.ActiveCfg = Debug|Any CPU
		{72D2EE61-FFC0-4E34-A139-90D3712AA7A1}.Debug|Any CPU.Build.0 = Debug|Any CPU
		{72D2EE61-FFC0-4E34-A139-90D3712AA7A1}.Debug|ARM.ActiveCfg = Debug|Any CPU
		{72D2EE61-FFC0-4E34-A139-90D3712AA7A1}.Debug|ARM.Build.0 = Debug|Any CPU
		{72D2EE61-FFC0-4E34-A139-90D3712AA7A1}.Debug|ARM64.ActiveCfg = Debug|Any CPU
		{72D2EE61-FFC0-4E34-A139-90D3712AA7A1}.Debug|ARM64.Build.0 = Debug|Any CPU
		{72D2EE61-FFC0-4E34-A139-90D3712AA7A1}.Debug|iPhone.ActiveCfg = Debug|Any CPU
		{72D2EE61-FFC0-4E34-A139-90D3712AA7A1}.Debug|iPhone.Build.0 = Debug|Any CPU
		{72D2EE61-FFC0-4E34-A139-90D3712AA7A1}.Debug|iPhoneSimulator.ActiveCfg = Debug|Any CPU
		{72D2EE61-FFC0-4E34-A139-90D3712AA7A1}.Debug|iPhoneSimulator.Build.0 = Debug|Any CPU
		{72D2EE61-FFC0-4E34-A139-90D3712AA7A1}.Debug|x64.ActiveCfg = Debug|Any CPU
		{72D2EE61-FFC0-4E34-A139-90D3712AA7A1}.Debug|x64.Build.0 = Debug|Any CPU
		{72D2EE61-FFC0-4E34-A139-90D3712AA7A1}.Debug|x86.ActiveCfg = Debug|Any CPU
		{72D2EE61-FFC0-4E34-A139-90D3712AA7A1}.Debug|x86.Build.0 = Debug|Any CPU
		{72D2EE61-FFC0-4E34-A139-90D3712AA7A1}.Release|Any CPU.ActiveCfg = Release|Any CPU
		{72D2EE61-FFC0-4E34-A139-90D3712AA7A1}.Release|Any CPU.Build.0 = Release|Any CPU
		{72D2EE61-FFC0-4E34-A139-90D3712AA7A1}.Release|ARM.ActiveCfg = Release|Any CPU
		{72D2EE61-FFC0-4E34-A139-90D3712AA7A1}.Release|ARM.Build.0 = Release|Any CPU
		{72D2EE61-FFC0-4E34-A139-90D3712AA7A1}.Release|ARM64.ActiveCfg = Release|Any CPU
		{72D2EE61-FFC0-4E34-A139-90D3712AA7A1}.Release|ARM64.Build.0 = Release|Any CPU
		{72D2EE61-FFC0-4E34-A139-90D3712AA7A1}.Release|iPhone.ActiveCfg = Release|Any CPU
		{72D2EE61-FFC0-4E34-A139-90D3712AA7A1}.Release|iPhone.Build.0 = Release|Any CPU
		{72D2EE61-FFC0-4E34-A139-90D3712AA7A1}.Release|iPhoneSimulator.ActiveCfg = Release|Any CPU
		{72D2EE61-FFC0-4E34-A139-90D3712AA7A1}.Release|iPhoneSimulator.Build.0 = Release|Any CPU
		{72D2EE61-FFC0-4E34-A139-90D3712AA7A1}.Release|x64.ActiveCfg = Release|Any CPU
		{72D2EE61-FFC0-4E34-A139-90D3712AA7A1}.Release|x64.Build.0 = Release|Any CPU
		{72D2EE61-FFC0-4E34-A139-90D3712AA7A1}.Release|x86.ActiveCfg = Release|Any CPU
		{72D2EE61-FFC0-4E34-A139-90D3712AA7A1}.Release|x86.Build.0 = Release|Any CPU
		{F326FD71-0ACC-4DEB-9263-8AE6C8EC1420}.Debug|Any CPU.ActiveCfg = Debug|Any CPU
		{F326FD71-0ACC-4DEB-9263-8AE6C8EC1420}.Debug|Any CPU.Build.0 = Debug|Any CPU
		{F326FD71-0ACC-4DEB-9263-8AE6C8EC1420}.Debug|ARM.ActiveCfg = Debug|Any CPU
		{F326FD71-0ACC-4DEB-9263-8AE6C8EC1420}.Debug|ARM.Build.0 = Debug|Any CPU
		{F326FD71-0ACC-4DEB-9263-8AE6C8EC1420}.Debug|ARM64.ActiveCfg = Debug|Any CPU
		{F326FD71-0ACC-4DEB-9263-8AE6C8EC1420}.Debug|ARM64.Build.0 = Debug|Any CPU
		{F326FD71-0ACC-4DEB-9263-8AE6C8EC1420}.Debug|iPhone.ActiveCfg = Debug|Any CPU
		{F326FD71-0ACC-4DEB-9263-8AE6C8EC1420}.Debug|iPhone.Build.0 = Debug|Any CPU
		{F326FD71-0ACC-4DEB-9263-8AE6C8EC1420}.Debug|iPhoneSimulator.ActiveCfg = Debug|Any CPU
		{F326FD71-0ACC-4DEB-9263-8AE6C8EC1420}.Debug|iPhoneSimulator.Build.0 = Debug|Any CPU
		{F326FD71-0ACC-4DEB-9263-8AE6C8EC1420}.Debug|x64.ActiveCfg = Debug|Any CPU
		{F326FD71-0ACC-4DEB-9263-8AE6C8EC1420}.Debug|x64.Build.0 = Debug|Any CPU
		{F326FD71-0ACC-4DEB-9263-8AE6C8EC1420}.Debug|x86.ActiveCfg = Debug|Any CPU
		{F326FD71-0ACC-4DEB-9263-8AE6C8EC1420}.Debug|x86.Build.0 = Debug|Any CPU
		{F326FD71-0ACC-4DEB-9263-8AE6C8EC1420}.Release|Any CPU.ActiveCfg = Release|Any CPU
		{F326FD71-0ACC-4DEB-9263-8AE6C8EC1420}.Release|Any CPU.Build.0 = Release|Any CPU
		{F326FD71-0ACC-4DEB-9263-8AE6C8EC1420}.Release|ARM.ActiveCfg = Release|Any CPU
		{F326FD71-0ACC-4DEB-9263-8AE6C8EC1420}.Release|ARM.Build.0 = Release|Any CPU
		{F326FD71-0ACC-4DEB-9263-8AE6C8EC1420}.Release|ARM64.ActiveCfg = Release|Any CPU
		{F326FD71-0ACC-4DEB-9263-8AE6C8EC1420}.Release|ARM64.Build.0 = Release|Any CPU
		{F326FD71-0ACC-4DEB-9263-8AE6C8EC1420}.Release|iPhone.ActiveCfg = Release|Any CPU
		{F326FD71-0ACC-4DEB-9263-8AE6C8EC1420}.Release|iPhone.Build.0 = Release|Any CPU
		{F326FD71-0ACC-4DEB-9263-8AE6C8EC1420}.Release|iPhoneSimulator.ActiveCfg = Release|Any CPU
		{F326FD71-0ACC-4DEB-9263-8AE6C8EC1420}.Release|iPhoneSimulator.Build.0 = Release|Any CPU
		{F326FD71-0ACC-4DEB-9263-8AE6C8EC1420}.Release|x64.ActiveCfg = Release|Any CPU
		{F326FD71-0ACC-4DEB-9263-8AE6C8EC1420}.Release|x64.Build.0 = Release|Any CPU
		{F326FD71-0ACC-4DEB-9263-8AE6C8EC1420}.Release|x86.ActiveCfg = Release|Any CPU
		{F326FD71-0ACC-4DEB-9263-8AE6C8EC1420}.Release|x86.Build.0 = Release|Any CPU
		{7A5DABB9-98AF-4026-8F37-54C66EDAE2C3}.Debug|Any CPU.ActiveCfg = Debug|Any CPU
		{7A5DABB9-98AF-4026-8F37-54C66EDAE2C3}.Debug|Any CPU.Build.0 = Debug|Any CPU
		{7A5DABB9-98AF-4026-8F37-54C66EDAE2C3}.Debug|ARM.ActiveCfg = Debug|Any CPU
		{7A5DABB9-98AF-4026-8F37-54C66EDAE2C3}.Debug|ARM.Build.0 = Debug|Any CPU
		{7A5DABB9-98AF-4026-8F37-54C66EDAE2C3}.Debug|ARM64.ActiveCfg = Debug|Any CPU
		{7A5DABB9-98AF-4026-8F37-54C66EDAE2C3}.Debug|ARM64.Build.0 = Debug|Any CPU
		{7A5DABB9-98AF-4026-8F37-54C66EDAE2C3}.Debug|iPhone.ActiveCfg = Debug|Any CPU
		{7A5DABB9-98AF-4026-8F37-54C66EDAE2C3}.Debug|iPhone.Build.0 = Debug|Any CPU
		{7A5DABB9-98AF-4026-8F37-54C66EDAE2C3}.Debug|iPhoneSimulator.ActiveCfg = Debug|Any CPU
		{7A5DABB9-98AF-4026-8F37-54C66EDAE2C3}.Debug|iPhoneSimulator.Build.0 = Debug|Any CPU
		{7A5DABB9-98AF-4026-8F37-54C66EDAE2C3}.Debug|x64.ActiveCfg = Debug|Any CPU
		{7A5DABB9-98AF-4026-8F37-54C66EDAE2C3}.Debug|x64.Build.0 = Debug|Any CPU
		{7A5DABB9-98AF-4026-8F37-54C66EDAE2C3}.Debug|x86.ActiveCfg = Debug|Any CPU
		{7A5DABB9-98AF-4026-8F37-54C66EDAE2C3}.Debug|x86.Build.0 = Debug|Any CPU
		{7A5DABB9-98AF-4026-8F37-54C66EDAE2C3}.Release|Any CPU.ActiveCfg = Release|Any CPU
		{7A5DABB9-98AF-4026-8F37-54C66EDAE2C3}.Release|Any CPU.Build.0 = Release|Any CPU
		{7A5DABB9-98AF-4026-8F37-54C66EDAE2C3}.Release|ARM.ActiveCfg = Release|Any CPU
		{7A5DABB9-98AF-4026-8F37-54C66EDAE2C3}.Release|ARM.Build.0 = Release|Any CPU
		{7A5DABB9-98AF-4026-8F37-54C66EDAE2C3}.Release|ARM64.ActiveCfg = Release|Any CPU
		{7A5DABB9-98AF-4026-8F37-54C66EDAE2C3}.Release|ARM64.Build.0 = Release|Any CPU
		{7A5DABB9-98AF-4026-8F37-54C66EDAE2C3}.Release|iPhone.ActiveCfg = Release|Any CPU
		{7A5DABB9-98AF-4026-8F37-54C66EDAE2C3}.Release|iPhone.Build.0 = Release|Any CPU
		{7A5DABB9-98AF-4026-8F37-54C66EDAE2C3}.Release|iPhoneSimulator.ActiveCfg = Release|Any CPU
		{7A5DABB9-98AF-4026-8F37-54C66EDAE2C3}.Release|iPhoneSimulator.Build.0 = Release|Any CPU
		{7A5DABB9-98AF-4026-8F37-54C66EDAE2C3}.Release|x64.ActiveCfg = Release|Any CPU
		{7A5DABB9-98AF-4026-8F37-54C66EDAE2C3}.Release|x64.Build.0 = Release|Any CPU
		{7A5DABB9-98AF-4026-8F37-54C66EDAE2C3}.Release|x86.ActiveCfg = Release|Any CPU
		{7A5DABB9-98AF-4026-8F37-54C66EDAE2C3}.Release|x86.Build.0 = Release|Any CPU
		{58BBF4CA-290B-4960-9421-25955522C37E}.Debug|Any CPU.ActiveCfg = Debug|Any CPU
		{58BBF4CA-290B-4960-9421-25955522C37E}.Debug|Any CPU.Build.0 = Debug|Any CPU
		{58BBF4CA-290B-4960-9421-25955522C37E}.Debug|ARM.ActiveCfg = Debug|Any CPU
		{58BBF4CA-290B-4960-9421-25955522C37E}.Debug|ARM.Build.0 = Debug|Any CPU
		{58BBF4CA-290B-4960-9421-25955522C37E}.Debug|ARM64.ActiveCfg = Debug|Any CPU
		{58BBF4CA-290B-4960-9421-25955522C37E}.Debug|ARM64.Build.0 = Debug|Any CPU
		{58BBF4CA-290B-4960-9421-25955522C37E}.Debug|iPhone.ActiveCfg = Debug|Any CPU
		{58BBF4CA-290B-4960-9421-25955522C37E}.Debug|iPhone.Build.0 = Debug|Any CPU
		{58BBF4CA-290B-4960-9421-25955522C37E}.Debug|iPhoneSimulator.ActiveCfg = Debug|Any CPU
		{58BBF4CA-290B-4960-9421-25955522C37E}.Debug|iPhoneSimulator.Build.0 = Debug|Any CPU
		{58BBF4CA-290B-4960-9421-25955522C37E}.Debug|x64.ActiveCfg = Debug|Any CPU
		{58BBF4CA-290B-4960-9421-25955522C37E}.Debug|x64.Build.0 = Debug|Any CPU
		{58BBF4CA-290B-4960-9421-25955522C37E}.Debug|x86.ActiveCfg = Debug|Any CPU
		{58BBF4CA-290B-4960-9421-25955522C37E}.Debug|x86.Build.0 = Debug|Any CPU
		{58BBF4CA-290B-4960-9421-25955522C37E}.Release|Any CPU.ActiveCfg = Release|Any CPU
		{58BBF4CA-290B-4960-9421-25955522C37E}.Release|Any CPU.Build.0 = Release|Any CPU
		{58BBF4CA-290B-4960-9421-25955522C37E}.Release|ARM.ActiveCfg = Release|Any CPU
		{58BBF4CA-290B-4960-9421-25955522C37E}.Release|ARM.Build.0 = Release|Any CPU
		{58BBF4CA-290B-4960-9421-25955522C37E}.Release|ARM64.ActiveCfg = Release|Any CPU
		{58BBF4CA-290B-4960-9421-25955522C37E}.Release|ARM64.Build.0 = Release|Any CPU
		{58BBF4CA-290B-4960-9421-25955522C37E}.Release|iPhone.ActiveCfg = Release|Any CPU
		{58BBF4CA-290B-4960-9421-25955522C37E}.Release|iPhone.Build.0 = Release|Any CPU
		{58BBF4CA-290B-4960-9421-25955522C37E}.Release|iPhoneSimulator.ActiveCfg = Release|Any CPU
		{58BBF4CA-290B-4960-9421-25955522C37E}.Release|iPhoneSimulator.Build.0 = Release|Any CPU
		{58BBF4CA-290B-4960-9421-25955522C37E}.Release|x64.ActiveCfg = Release|Any CPU
		{58BBF4CA-290B-4960-9421-25955522C37E}.Release|x64.Build.0 = Release|Any CPU
		{58BBF4CA-290B-4960-9421-25955522C37E}.Release|x86.ActiveCfg = Release|Any CPU
		{58BBF4CA-290B-4960-9421-25955522C37E}.Release|x86.Build.0 = Release|Any CPU
	EndGlobalSection
	GlobalSection(SolutionProperties) = preSolution
		HideSolutionNode = FALSE
	EndGlobalSection
	GlobalSection(ExtensibilityGlobals) = postSolution
		SolutionGuid = {517F89D4-FD1B-419C-AA7C-577EFF5F8EC9}
	EndGlobalSection
EndGlobal
